
Microsoft Visual Studio Solution File, Format Version 12.00
# Visual Studio 15
VisualStudioVersion = 15.0.28307.329
MinimumVisualStudioVersion = 10.0.40219.1
Project("{FAE04EC0-301F-11D3-BF4B-00C04F79EFBC}") = "UML Project", "UML Project\UML Project.csproj", "{7C24AF3E-1E29-43AC-B41E-94A3E41C6936}"
EndProject
Global
	GlobalSection(SolutionConfigurationPlatforms) = preSolution
		Debug|Any CPU = Debug|Any CPU
		Release|Any CPU = Release|Any CPU
	EndGlobalSection
	GlobalSection(ProjectConfigurationPlatforms) = postSolution
		{7C24AF3E-1E29-43AC-B41E-94A3E41C6936}.Debug|Any CPU.ActiveCfg = Debug|Any CPU
		{7C24AF3E-1E29-43AC-B41E-94A3E41C6936}.Debug|Any CPU.Build.0 = Debug|Any CPU
		{7C24AF3E-1E29-43AC-B41E-94A3E41C6936}.Release|Any CPU.ActiveCfg = Release|Any CPU
		{7C24AF3E-1E29-43AC-B41E-94A3E41C6936}.Release|Any CPU.Build.0 = Release|Any CPU
	EndGlobalSection
	GlobalSection(SolutionProperties) = preSolution
		HideSolutionNode = FALSE
	EndGlobalSection
	GlobalSection(ExtensibilityGlobals) = postSolution
		SolutionGuid = {FF1B094B-A68F-4F91-AFBF-B2960B170E6B}
	EndGlobalSection
EndGlobal
